{
  "name": "wc3mapcodeeditor",
  "version": "1.0.0",
  "lockfileVersion": 1,
  "requires": true,
  "dependencies": {
    "@types/fs-extra": {
      "version": "8.0.1",
      "resolved": "https://registry.npmjs.org/@types/fs-extra/-/fs-extra-8.0.1.tgz",
      "integrity": "sha512-J00cVDALmi/hJOYsunyT52Hva5TnJeKP5yd1r+mH/ZU0mbYZflR0Z5kw5kITtKTRYMhm1JMClOFYdHnQszEvqw==",
      "requires": {
        "@types/node": "12.12.18"
      }
    },
    "@types/mocha": {
      "version": "5.2.7",
      "resolved": "https://registry.npmjs.org/@types/mocha/-/mocha-5.2.7.tgz",
      "integrity": "sha512-NYrtPht0wGzhwe9+/idPaBB+TqkY9AhTvOLMkThm0IoEfLaiVQZwBwyJ5puCkO3AUCWrmcoePjp2mbFocKy4SQ=="
    },
    "@types/node": {
      "version": "12.12.18",
      "resolved": "https://registry.npmjs.org/@types/node/-/node-12.12.18.tgz",
      "integrity": "sha512-DBkZuIMFuAfjJHiunyRc+aNvmXYNwV1IPMgGKGlwCp6zh6MKrVtmvjSWK/axWcD25KJffkXgkfvFra8ndenXAw=="
    },
    "@types/round-to": {
      "version": "4.0.0",
      "resolved": "https://registry.npmjs.org/@types/round-to/-/round-to-4.0.0.tgz",
      "integrity": "sha512-tQIYDCzWSeXAncLFzYYX5aIle5qAWYTeHQSgdzjZVI4PB5dhzBtXUOrtHSMp5dKkQZ8UEKZTGJZkZFy3dYH/qA==",
      "requires": {
        "round-to": "4.0.0"
      }
    },
    "ieee754": {
      "version": "1.1.13",
      "resolved": "https://registry.npmjs.org/ieee754/-/ieee754-1.1.13.tgz",
      "integrity": "sha512-4vf7I2LYV/HaWerSo3XmlMkp5eZ83i+/CDluXi/IGTs/O1sejBNhTtnxzmRZfvOUqj7lZjqHkeTvpgSFDlWZTg=="
    },
    "intn": {
      "version": "1.0.0",
      "resolved": "https://registry.npmjs.org/intn/-/intn-1.0.0.tgz",
      "integrity": "sha1-vpNxow+fPpHx8sP+872wAuMGdfo="
    },
    "round-to": {
      "version": "4.0.0",
      "resolved": "https://registry.npmjs.org/round-to/-/round-to-4.0.0.tgz",
      "integrity": "sha512-2HD3qSm7FGv1uBQywsK43YtSeXQhh5CUscaFGsvbr38oZzfLqoPQAPw2ngvpXKruAEsn7WuPXdq1mrUSkR70MQ=="
    },
    "wc3maptranslator": {
      "version": "3.0.0",
      "resolved": "https://registry.npmjs.org/wc3maptranslator/-/wc3maptranslator-3.0.0.tgz",
      "integrity": "sha512-/hHkdLwXjclCI14AWkCmr2sqs4+aNADODSNUSyQc6CiCDY/INPoqz53gfZmp+dsa1g0AI+vWPFtMs6lfPJdC/Q==",
      "requires": {
        "@types/fs-extra": "8.0.1",
        "@types/mocha": "5.2.7",
        "@types/node": "12.12.18",
        "@types/round-to": "4.0.0",
        "ieee754": "1.1.13",
        "intn": "1.0.0",
        "round-to": "4.0.0"
      }
    }
  }
}
